// !$*UTF8*$!
{
	archiveVersion = 1;
	classes = {
	};
	objectVersion = 46;
	objects = {

/* Begin PBXBuildFile section */
		6DA7C8851F61E5CD00067943 /* main.m in Sources */ = {isa = PBXBuildFile; fileRef = 6DA7C8841F61E5CD00067943 /* main.m */; };
		6DA7C8881F61E5CD00067943 /* AppDelegate.m in Sources */ = {isa = PBXBuildFile; fileRef = 6DA7C8871F61E5CD00067943 /* AppDelegate.m */; };
		6DA7C88B1F61E5CD00067943 /* ViewController.m in Sources */ = {isa = PBXBuildFile; fileRef = 6DA7C88A1F61E5CD00067943 /* ViewController.m */; };
		6DA7C88E1F61E5CD00067943 /* Main.storyboard in Resources */ = {isa = PBXBuildFile; fileRef = 6DA7C88C1F61E5CD00067943 /* Main.storyboard */; };
		6DA7C8901F61E5CD00067943 /* Assets.xcassets in Resources */ = {isa = PBXBuildFile; fileRef = 6DA7C88F1F61E5CD00067943 /* Assets.xcassets */; };
		6DA7C8931F61E5CD00067943 /* LaunchScreen.storyboard in Resources */ = {isa = PBXBuildFile; fileRef = 6DA7C8911F61E5CD00067943 /* LaunchScreen.storyboard */; };
		6DA7C89E1F61E5CD00067943 /* TubeNearLondonTests.m in Sources */ = {isa = PBXBuildFile; fileRef = 6DA7C89D1F61E5CD00067943 /* TubeNearLondonTests.m */; };
/* End PBXBuildFile section */

/* Begin PBXContainerItemProxy section */
		6DA7C89A1F61E5CD00067943 /* PBXContainerItemProxy */ = {
			isa = PBXContainerItemProxy;
			containerPortal = 6DA7C8781F61E5CD00067943 /* Project object */;
			proxyType = 1;
			remoteGlobalIDString = 6DA7C87F1F61E5CD00067943;
			remoteInfo = TubeNearLondon;
		};
/* End PBXContainerItemProxy section */

/* Begin PBXFileReference section */
		6DA7C8801F61E5CD00067943 /* TubeNearLondon.app */ = {isa = PBXFileReference; explicitFileType = wrapper.application; includeInIndex = 0; path = TubeNearLondon.app; sourceTree = BUILT_PRODUCTS_DIR; };
		6DA7C8841F61E5CD00067943 /* main.m */ = {isa = PBXFileReference; lastKnownFileType = sourcecode.c.objc; path = main.m; sourceTree = "<group>"; };
		6DA7C8861F61E5CD00067943 /* AppDelegate.h */ = {isa = PBXFileReference; lastKnownFileType = sourcecode.c.h; path = AppDelegate.h; sourceTree = "<group>"; };
		6DA7C8871F61E5CD00067943 /* AppDelegate.m */ = {isa = PBXFileReference; lastKnownFileType = sourcecode.c.objc; path = AppDelegate.m; sourceTree = "<group>"; };
		6DA7C8891F61E5CD00067943 /* ViewController.h */ = {isa = PBXFileReference; lastKnownFileType = sourcecode.c.h; path = ViewController.h; sourceTree = "<group>"; };
		6DA7C88A1F61E5CD00067943 /* ViewController.m */ = {isa = PBXFileReference; lastKnownFileType = sourcecode.c.objc; path = ViewController.m; sourceTree = "<group>"; };
		6DA7C88D1F61E5CD00067943 /* Base */ = {isa = PBXFileReference; lastKnownFileType = file.storyboard; name = Base; path = Base.lproj/Main.storyboard; sourceTree = "<group>"; };
		6DA7C88F1F61E5CD00067943 /* Assets.xcassets */ = {isa = PBXFileReference; lastKnownFileType = folder.assetcatalog; path = Assets.xcassets; sourceTree = "<group>"; };
		6DA7C8921F61E5CD00067943 /* Base */ = {isa = PBXFileReference; lastKnownFileType = file.storyboard; name = Base; path = Base.lproj/LaunchScreen.storyboard; sourceTree = "<group>"; };
		6DA7C8941F61E5CD00067943 /* Info.plist */ = {isa = PBXFileReference; lastKnownFileType = text.plist.xml; path = Info.plist; sourceTree = "<group>"; };
		6DA7C8991F61E5CD00067943 /* TubeNearLondonTests.xctest */ = {isa = PBXFileReference; explicitFileType = wrapper.cfbundle; includeInIndex = 0; path = TubeNearLondonTests.xctest; sourceTree = BUILT_PRODUCTS_DIR; };
		6DA7C89D1F61E5CD00067943 /* TubeNearLondonTests.m */ = {isa = PBXFileReference; lastKnownFileType = sourcecode.c.objc; path = TubeNearLondonTests.m; sourceTree = "<group>"; };
		6DA7C89F1F61E5CD00067943 /* Info.plist */ = {isa = PBXFileReference; lastKnownFileType = text.plist.xml; path = Info.plist; sourceTree = "<group>"; };
/* End PBXFileReference section */

/* Begin PBXFrameworksBuildPhase section */
		6DA7C87D1F61E5CD00067943 /* Frameworks */ = {
			isa = PBXFrameworksBuildPhase;
			buildActionMask = 2147483647;
			files = (
			);
			runOnlyForDeploymentPostprocessing = 0;
		};
		6DA7C8961F61E5CD00067943 /* Frameworks */ = {
			isa = PBXFrameworksBuildPhase;
			buildActionMask = 2147483647;
			files = (
			);
			runOnlyForDeploymentPostprocessing = 0;
		};
/* End PBXFrameworksBuildPhase section */

/* Begin PBXGroup section */
		6DA7C8771F61E5CD00067943 = {
			isa = PBXGroup;
			children = (
				6DA7C8821F61E5CD00067943 /* TubeNearLondon */,
				6DA7C89C1F61E5CD00067943 /* TubeNearLondonTests */,
				6DA7C8811F61E5CD00067943 /* Products */,
			);
			sourceTree = "<group>";
		};
		6DA7C8811F61E5CD00067943 /* Products */ = {
			isa = PBXGroup;
			children = (
				6DA7C8801F61E5CD00067943 /* TubeNearLondon.app */,
				6DA7C8991F61E5CD00067943 /* TubeNearLondonTests.xctest */,
			);
			name = Products;
			sourceTree = "<group>";
		};
		6DA7C8821F61E5CD00067943 /* TubeNearLondon */ = {
			isa = PBXGroup;
			children = (
				6DA7C8861F61E5CD00067943 /* AppDelegate.h */,
				6DA7C8871F61E5CD00067943 /* AppDelegate.m */,
				6DA7C8891F61E5CD00067943 /* ViewController.h */,
				6DA7C88A1F61E5CD00067943 /* ViewController.m */,
				6DA7C88C1F61E5CD00067943 /* Main.storyboard */,
				6DA7C88F1F61E5CD00067943 /* Assets.xcassets */,
				6DA7C8911F61E5CD00067943 /* LaunchScreen.storyboard */,
				6DA7C8941F61E5CD00067943 /* Info.plist */,
				6DA7C8831F61E5CD00067943 /* Supporting Files */,
			);
			path = TubeNearLondon;
			sourceTree = "<group>";
		};
		6DA7C8831F61E5CD00067943 /* Supporting Files */ = {
			isa = PBXGroup;
			children = (
				6DA7C8841F61E5CD00067943 /* main.m */,
			);
			name = "Supporting Files";
			sourceTree = "<group>";
		};
		6DA7C89C1F61E5CD00067943 /* TubeNearLondonTests */ = {
			isa = PBXGroup;
			children = (
				6DA7C89D1F61E5CD00067943 /* TubeNearLondonTests.m */,
				6DA7C89F1F61E5CD00067943 /* Info.plist */,
			);
			path = TubeNearLondonTests;
			sourceTree = "<group>";
		};
/* End PBXGroup section */

/* Begin PBXNativeTarget section */
		6DA7C87F1F61E5CD00067943 /* TubeNearLondon */ = {
			isa = PBXNativeTarget;
			buildConfigurationList = 6DA7C8A21F61E5CD00067943 /* Build configuration list for PBXNativeTarget "TubeNearLondon" */;
			buildPhases = (
				6DA7C87C1F61E5CD00067943 /* Sources */,
				6DA7C87D1F61E5CD00067943 /* Frameworks */,
				6DA7C87E1F61E5CD00067943 /* Resources */,
			);
			buildRules = (
			);
			dependencies = (
			);
			name = TubeNearLondon;
			productName = TubeNearLondon;
			productReference = 6DA7C8801F61E5CD00067943 /* TubeNearLondon.app */;
			productType = "com.apple.product-type.application";
		};
		6DA7C8981F61E5CD00067943 /* TubeNearLondonTests */ = {
			isa = PBXNativeTarget;
			buildConfigurationList = 6DA7C8A51F61E5CD00067943 /* Build configuration list for PBXNativeTarget "TubeNearLondonTests" */;
			buildPhases = (
				6DA7C8951F61E5CD00067943 /* Sources */,
				6DA7C8961F61E5CD00067943 /* Frameworks */,
				6DA7C8971F61E5CD00067943 /* Resources */,
			);
			buildRules = (
			);
			dependencies = (
				6DA7C89B1F61E5CD00067943 /* PBXTargetDependency */,
			);
			name = TubeNearLondonTests;
			productName = TubeNearLondonTests;
			productReference = 6DA7C8991F61E5CD00067943 /* TubeNearLondonTests.xctest */;
			productType = "com.apple.product-type.bundle.unit-test";
		};
/* End PBXNativeTarget section */

/* Begin PBXProject section */
		6DA7C8781F61E5CD00067943 /* Project object */ = {
			isa = PBXProject;
			attributes = {
				LastUpgradeCheck = 0830;
				ORGANIZATIONNAME = PR2Studio;
				TargetAttributes = {
					6DA7C87F1F61E5CD00067943 = {
						CreatedOnToolsVersion = 8.3.3;
						DevelopmentTeam = 2V49883M46;
						ProvisioningStyle = Automatic;
					};
					6DA7C8981F61E5CD00067943 = {
						CreatedOnToolsVersion = 8.3.3;
						DevelopmentTeam = 2V49883M46;
						ProvisioningStyle = Automatic;
						TestTargetID = 6DA7C87F1F61E5CD00067943;
					};
				};
			};
			buildConfigurationList = 6DA7C87B1F61E5CD00067943 /* Build configuration list for PBXProject "TubeNearLondon" */;
			compatibilityVersion = "Xcode 3.2";
			developmentRegion = English;
			hasScannedForEncodings = 0;
			knownRegions = (
				en,
				Base,
			);
			mainGroup = 6DA7C8771F61E5CD00067943;
			productRefGroup = 6DA7C8811F61E5CD00067943 /* Products */;
			projectDirPath = "";
			projectRoot = "";
			targets = (
				6DA7C87F1F61E5CD00067943 /* TubeNearLondon */,
				6DA7C8981F61E5CD00067943 /* TubeNearLondonTests */,
			);
		};
/* End PBXProject section */

/* Begin PBXResourcesBuildPhase section */
		6DA7C87E1F61E5CD00067943 /* Resources */ = {
			isa = PBXResourcesBuildPhase;
			buildActionMask = 2147483647;
			files = (
				6DA7C8931F61E5CD00067943 /* LaunchScreen.storyboard in Resources */,
				6DA7C8901F61E5CD00067943 /* Assets.xcassets in Resources */,
				6DA7C88E1F61E5CD00067943 /* Main.storyboard in Resources */,
			);
			runOnlyForDeploymentPostprocessing = 0;
		};
		6DA7C8971F61E5CD00067943 /* Resources */ = {
			isa = PBXResourcesBuildPhase;
			buildActionMask = 2147483647;
			files = (
			);
			runOnlyForDeploymentPostprocessing = 0;
		};
/* End PBXResourcesBuildPhase section */

/* Begin PBXSourcesBuildPhase section */
		6DA7C87C1F61E5CD00067943 /* Sources */ = {
			isa = PBXSourcesBuildPhase;
			buildActionMask = 2147483647;
			files = (
				6DA7C88B1F61E5CD00067943 /* ViewController.m in Sources */,
				6DA7C8881F61E5CD00067943 /* AppDelegate.m in Sources */,
				6DA7C8851F61E5CD00067943 /* main.m in Sources */,
			);
			runOnlyForDeploymentPostprocessing = 0;
		};
		6DA7C8951F61E5CD00067943 /* Sources */ = {
			isa = PBXSourcesBuildPhase;
			buildActionMask = 2147483647;
			files = (
				6DA7C89E1F61E5CD00067943 /* TubeNearLondonTests.m in Sources */,
			);
			runOnlyForDeploymentPostprocessing = 0;
		};
/* End PBXSourcesBuildPhase section */

/* Begin PBXTargetDependency section */
		6DA7C89B1F61E5CD00067943 /* PBXTargetDependency */ = {
			isa = PBXTargetDependency;
			target = 6DA7C87F1F61E5CD00067943 /* TubeNearLondon */;
			targetProxy = 6DA7C89A1F61E5CD00067943 /* PBXContainerItemProxy */;
		};
/* End PBXTargetDependency section */

/* Begin PBXVariantGroup section */
		6DA7C88C1F61E5CD00067943 /* Main.storyboard */ = {
			isa = PBXVariantGroup;
			children = (
				6DA7C88D1F61E5CD00067943 /* Base */,
			);
			name = Main.storyboard;
			sourceTree = "<group>";
		};
		6DA7C8911F61E5CD00067943 /* LaunchScreen.storyboard */ = {
			isa = PBXVariantGroup;
			children = (
				6DA7C8921F61E5CD00067943 /* Base */,
			);
			name = LaunchScreen.storyboard;
			sourceTree = "<group>";
		};
/* End PBXVariantGroup section */

/* Begin XCBuildConfiguration section */
		6DA7C8A01F61E5CD00067943 /* Debug */ = {
			isa = XCBuildConfiguration;
			buildSettings = {
				ALWAYS_SEARCH_USER_PATHS = NO;
				CLANG_ANALYZER_NONNULL = YES;
				CLANG_ANALYZER_NUMBER_OBJECT_CONVERSION = YES_AGGRESSIVE;
				CLANG_CXX_LANGUAGE_STANDARD = "gnu++0x";
				CLANG_CXX_LIBRARY = "libc++";
				CLANG_ENABLE_MODULES = YES;
				CLANG_ENABLE_OBJC_ARC = YES;
				CLANG_WARN_BOOL_CONVERSION = YES;
				CLANG_WARN_CONSTANT_CONVERSION = YES;
				CLANG_WARN_DIRECT_OBJC_ISA_USAGE = YES_ERROR;
				CLANG_WARN_DOCUMENTATION_COMMENTS = YES;
				CLANG_WARN_EMPTY_BODY = YES;
				CLANG_WARN_ENUM_CONVERSION = YES;
				CLANG_WARN_INFINITE_RECURSION = YES;
				CLANG_WARN_INT_CONVERSION = YES;
				CLANG_WARN_OBJC_ROOT_CLASS = YES_ERROR;
				CLANG_WARN_SUSPICIOUS_MOVE = YES;
				CLANG_WARN_UNREACHABLE_CODE = YES;
				CLANG_WARN__DUPLICATE_METHOD_MATCH = YES;
				"CODE_SIGN_IDENTITY[sdk=iphoneos*]" = "iPhone Developer";
				COPY_PHASE_STRIP = NO;
				DEBUG_INFORMATION_FORMAT = dwarf;
				ENABLE_STRICT_OBJC_MSGSEND = YES;
				ENABLE_TESTABILITY = YES;
				GCC_C_LANGUAGE_STANDARD = gnu99;
				GCC_DYNAMIC_NO_PIC = NO;
				GCC_NO_COMMON_BLOCKS = YES;
				GCC_OPTIMIZATION_LEVEL = 0;
				GCC_PREPROCESSOR_DEFINITIONS = (
					"DEBUG=1",
					"$(inherited)",
				);
				GCC_WARN_64_TO_32_BIT_CONVERSION = YES;
				GCC_WARN_ABOUT_RETURN_TYPE = YES_ERROR;
				GCC_WARN_UNDECLARED_SELECTOR = YES;
				GCC_WARN_UNINITIALIZED_AUTOS = YES_AGGRESSIVE;
				GCC_WARN_UNUSED_FUNCTION = YES;
				GCC_WARN_UNUSED_VARIABLE = YES;
				IPHONEOS_DEPLOYMENT_TARGET = 10.3;
				MTL_ENABLE_DEBUG_INFO = YES;
				ONLY_ACTIVE_ARCH = YES;
				SDKROOT = iphoneos;
				TARGETED_DEVICE_FAMILY = "1,2";
			};
			name = Debug;
		};
		6DA7C8A11F61E5CD00067943 /* Release */ = {
			isa = XCBuildConfiguration;
			buildSettings = {
				ALWAYS_SEARCH_USER_PATHS = NO;
				CLANG_ANALYZER_NONNULL = YES;
				CLANG_ANALYZER_NUMBER_OBJECT_CONVERSION = YES_AGGRESSIVE;
				CLANG_CXX_LANGUAGE_STANDARD = "gnu++0x";
				CLANG_CXX_LIBRARY = "libc++";
				CLANG_ENABLE_MODULES = YES;
				CLANG_ENABLE_OBJC_ARC = YES;
				CLANG_WARN_BOOL_CONVERSION = YES;
				CLANG_WARN_CONSTANT_CONVERSION = YES;
				CLANG_WARN_DIRECT_OBJC_ISA_USAGE = YES_ERROR;
				CLANG_WARN_DOCUMENTATION_COMMENTS = YES;
				CLANG_WARN_EMPTY_BODY = YES;
				CLANG_WARN_ENUM_CONVERSION = YES;
				CLANG_WARN_INFINITE_RECURSION = YES;
				CLANG_WARN_INT_CONVERSION = YES;
				CLANG_WARN_OBJC_ROOT_CLASS = YES_ERROR;
				CLANG_WARN_SUSPICIOUS_MOVE = YES;
				CLANG_WARN_UNREACHABLE_CODE = YES;
				CLANG_WARN__DUPLICATE_METHOD_MATCH = YES;
				"CODE_SIGN_IDENTITY[sdk=iphoneos*]" = "iPhone Developer";
				COPY_PHASE_STRIP = NO;
				DEBUG_INFORMATION_FORMAT = "dwarf-with-dsym";
				ENABLE_NS_ASSERTIONS = NO;
				ENABLE_STRICT_OBJC_MSGSEND = YES;
				GCC_C_LANGUAGE_STANDARD = gnu99;
				GCC_NO_COMMON_BLOCKS = YES;
				GCC_WARN_64_TO_32_BIT_CONVERSION = YES;
				GCC_WARN_ABOUT_RETURN_TYPE = YES_ERROR;
				GCC_WARN_UNDECLARED_SELECTOR = YES;
				GCC_WARN_UNINITIALIZED_AUTOS = YES_AGGRESSIVE;
				GCC_WARN_UNUSED_FUNCTION = YES;
				GCC_WARN_UNUSED_VARIABLE = YES;
				IPHONEOS_DEPLOYMENT_TARGET = 10.3;
				MTL_ENABLE_DEBUG_INFO = NO;
				SDKROOT = iphoneos;
				TARGETED_DEVICE_FAMILY = "1,2";
				VALIDATE_PRODUCT = YES;
			};
			name = Release;
		};
		6DA7C8A31F61E5CD00067943 /* Debug */ = {
			isa = XCBuildConfiguration;
			buildSettings = {
				ASSETCATALOG_COMPILER_APPICON_NAME = AppIcon;
				DEVELOPMENT_TEAM = 2V49883M46;
				INFOPLIST_FILE = TubeNearLondon/Info.plist;
				LD_RUNPATH_SEARCH_PATHS = "$(inherited) @executable_path/Frameworks";
				PRODUCT_BUNDLE_IDENTIFIER = com.pr2studio.TubeNearLondon;
				PRODUCT_NAME = "$(TARGET_NAME)";
			};
			name = Debug;
		};
		6DA7C8A41F61E5CD00067943 /* Release */ = {
			isa = XCBuildConfiguration;
			buildSettings = {
				ASSETCATALOG_COMPILER_APPICON_NAME = AppIcon;
				DEVELOPMENT_TEAM = 2V49883M46;
				INFOPLIST_FILE = TubeNearLondon/Info.plist;
				LD_RUNPATH_SEARCH_PATHS = "$(inherited) @executable_path/Frameworks";
				PRODUCT_BUNDLE_IDENTIFIER = com.pr2studio.TubeNearLondon;
				PRODUCT_NAME = "$(TARGET_NAME)";
			};
			name = Release;
		};
		6DA7C8A61F61E5CD00067943 /* Debug */ = {
			isa = XCBuildConfiguration;
			buildSettings = {
				BUNDLE_LOADER = "$(TEST_HOST)";
				DEVELOPMENT_TEAM = 2V49883M46;
				INFOPLIST_FILE = TubeNearLondonTests/Info.plist;
				LD_RUNPATH_SEARCH_PATHS = "$(inherited) @executable_path/Frameworks @loader_path/Frameworks";
				PRODUCT_BUNDLE_IDENTIFIER = com.pr2studio.TubeNearLondonTests;
				PRODUCT_NAME = "$(TARGET_NAME)";
				TEST_HOST = "$(BUILT_PRODUCTS_DIR)/TubeNearLondon.app/TubeNearLondon";
			};
			name = Debug;
		};
		6DA7C8A71F61E5CD00067943 /* Release */ = {
			isa = XCBuildConfiguration;
			buildSettings = {
				BUNDLE_LOADER = "$(TEST_HOST)";
				DEVELOPMENT_TEAM = 2V49883M46;
				INFOPLIST_FILE = TubeNearLondonTests/Info.plist;
				LD_RUNPATH_SEARCH_PATHS = "$(inherited) @executable_path/Frameworks @loader_path/Frameworks";
				PRODUCT_BUNDLE_IDENTIFIER = com.pr2studio.TubeNearLondonTests;
				PRODUCT_NAME = "$(TARGET_NAME)";
				TEST_HOST = "$(BUILT_PRODUCTS_DIR)/TubeNearLondon.app/TubeNearLondon";
			};
			name = Release;
		};
/* End XCBuildConfiguration section */

/* Begin XCConfigurationList section */
		6DA7C87B1F61E5CD00067943 /* Build configuration list for PBXProject "TubeNearLondon" */ = {
			isa = XCConfigurationList;
			buildConfigurations = (
				6DA7C8A01F61E5CD00067943 /* Debug */,
				6DA7C8A11F61E5CD00067943 /* Release */,
			);
			defaultConfigurationIsVisible = 0;
			defaultConfigurationName = Release;
		};
		6DA7C8A21F61E5CD00067943 /* Build configuration list for PBXNativeTarget "TubeNearLondon" */ = {
			isa = XCConfigurationList;
			buildConfigurations = (
				6DA7C8A31F61E5CD00067943 /* Debug */,
				6DA7C8A41F61E5CD00067943 /* Release */,
			);
			defaultConfigurationIsVisible = 0;
		};
		6DA7C8A51F61E5CD00067943 /* Build configuration list for PBXNativeTarget "TubeNearLondonTests" */ = {
			isa = XCConfigurationList;
			buildConfigurations = (
				6DA7C8A61F61E5CD00067943 /* Debug */,
				6DA7C8A71F61E5CD00067943 /* Release */,
			);
			defaultConfigurationIsVisible = 0;
		};
/* End XCConfigurationList section */
	};
	rootObject = 6DA7C8781F61E5CD00067943 /* Project object */;
}
